// !$*UTF8*$!
{
	archiveVersion = 1;
	classes = {
	};
	objectVersion = 56;
	objects = {

/* Begin PBXBuildFile section */
		7113BCB528DA207E00990ED4 /* CurminBaseDialog.swift in Sources */ = {isa = PBXBuildFile; fileRef = 7113BCB428DA207E00990ED4 /* CurminBaseDialog.swift */; };
		7113BCB828DA249900990ED4 /* SettingsDialog.swift in Sources */ = {isa = PBXBuildFile; fileRef = 7113BCB728DA249900990ED4 /* SettingsDialog.swift */; };
		7113BCBA28DA2A0A00990ED4 /* Themes.swift in Sources */ = {isa = PBXBuildFile; fileRef = 7113BCB928DA2A0A00990ED4 /* Themes.swift */; };
		7138A1A428D9B90200AE6816 /* CurrencyWatchlistView.swift in Sources */ = {isa = PBXBuildFile; fileRef = 7138A1A328D9B90200AE6816 /* CurrencyWatchlistView.swift */; };
		7138A1A728D9B96800AE6816 /* CurrencyWatchlistItem.swift in Sources */ = {isa = PBXBuildFile; fileRef = 7138A1A628D9B96800AE6816 /* CurrencyWatchlistItem.swift */; };
		7138A1AA28D9BC9000AE6816 /* Colors.swift in Sources */ = {isa = PBXBuildFile; fileRef = 7138A1A928D9BC9000AE6816 /* Colors.swift */; };
		7138A1AC28D9C13900AE6816 /* CurrencyWatchlistItemData.swift in Sources */ = {isa = PBXBuildFile; fileRef = 7138A1AB28D9C13900AE6816 /* CurrencyWatchlistItemData.swift */; };
		71514E7A28D4FF4300A62820 /* CurminApp.swift in Sources */ = {isa = PBXBuildFile; fileRef = 71514E7928D4FF4300A62820 /* CurminApp.swift */; };
		71514E7C28D4FF4300A62820 /* ContentView.swift in Sources */ = {isa = PBXBuildFile; fileRef = 71514E7B28D4FF4300A62820 /* ContentView.swift */; };
		71514E7E28D4FF4300A62820 /* Assets.xcassets in Resources */ = {isa = PBXBuildFile; fileRef = 71514E7D28D4FF4300A62820 /* Assets.xcassets */; };
		71514E8128D4FF4300A62820 /* Preview Assets.xcassets in Resources */ = {isa = PBXBuildFile; fileRef = 71514E8028D4FF4300A62820 /* Preview Assets.xcassets */; };
		71514E8B28D4FF4300A62820 /* CurminTests.swift in Sources */ = {isa = PBXBuildFile; fileRef = 71514E8A28D4FF4300A62820 /* CurminTests.swift */; };
		71514E9528D4FF4300A62820 /* CurminUITests.swift in Sources */ = {isa = PBXBuildFile; fileRef = 71514E9428D4FF4300A62820 /* CurminUITests.swift */; };
		71514E9728D4FF4300A62820 /* CurminUITestsLaunchTests.swift in Sources */ = {isa = PBXBuildFile; fileRef = 71514E9628D4FF4300A62820 /* CurminUITestsLaunchTests.swift */; };
		71A9BF3E28DB750E00911CC0 /* CurminWarningDialog.swift in Sources */ = {isa = PBXBuildFile; fileRef = 71A9BF3D28DB750E00911CC0 /* CurminWarningDialog.swift */; };
		71A9BF4028DB794B00911CC0 /* CurminErrorDialog.swift in Sources */ = {isa = PBXBuildFile; fileRef = 71A9BF3F28DB794B00911CC0 /* CurminErrorDialog.swift */; };
/* End PBXBuildFile section */

/* Begin PBXContainerItemProxy section */
		71514E8728D4FF4300A62820 /* PBXContainerItemProxy */ = {
			isa = PBXContainerItemProxy;
			containerPortal = 71514E6E28D4FF4200A62820 /* Project object */;
			proxyType = 1;
			remoteGlobalIDString = 71514E7528D4FF4200A62820;
			remoteInfo = Curmin;
		};
		71514E9128D4FF4300A62820 /* PBXContainerItemProxy */ = {
			isa = PBXContainerItemProxy;
			containerPortal = 71514E6E28D4FF4200A62820 /* Project object */;
			proxyType = 1;
			remoteGlobalIDString = 71514E7528D4FF4200A62820;
			remoteInfo = Curmin;
		};
/* End PBXContainerItemProxy section */

/* Begin PBXFileReference section */
		7113BCB428DA207E00990ED4 /* CurminBaseDialog.swift */ = {isa = PBXFileReference; lastKnownFileType = sourcecode.swift; path = CurminBaseDialog.swift; sourceTree = "<group>"; };
		7113BCB728DA249900990ED4 /* SettingsDialog.swift */ = {isa = PBXFileReference; lastKnownFileType = sourcecode.swift; path = SettingsDialog.swift; sourceTree = "<group>"; };
		7113BCB928DA2A0A00990ED4 /* Themes.swift */ = {isa = PBXFileReference; lastKnownFileType = sourcecode.swift; path = Themes.swift; sourceTree = "<group>"; };
		7138A1A328D9B90200AE6816 /* CurrencyWatchlistView.swift */ = {isa = PBXFileReference; lastKnownFileType = sourcecode.swift; path = CurrencyWatchlistView.swift; sourceTree = "<group>"; };
		7138A1A628D9B96800AE6816 /* CurrencyWatchlistItem.swift */ = {isa = PBXFileReference; lastKnownFileType = sourcecode.swift; path = CurrencyWatchlistItem.swift; sourceTree = "<group>"; };
		7138A1A928D9BC9000AE6816 /* Colors.swift */ = {isa = PBXFileReference; lastKnownFileType = sourcecode.swift; path = Colors.swift; sourceTree = "<group>"; };
		7138A1AB28D9C13900AE6816 /* CurrencyWatchlistItemData.swift */ = {isa = PBXFileReference; lastKnownFileType = sourcecode.swift; path = CurrencyWatchlistItemData.swift; sourceTree = "<group>"; };
		71514E7628D4FF4300A62820 /* Curmin.app */ = {isa = PBXFileReference; explicitFileType = wrapper.application; includeInIndex = 0; path = Curmin.app; sourceTree = BUILT_PRODUCTS_DIR; };
		71514E7928D4FF4300A62820 /* CurminApp.swift */ = {isa = PBXFileReference; lastKnownFileType = sourcecode.swift; path = CurminApp.swift; sourceTree = "<group>"; };
		71514E7B28D4FF4300A62820 /* ContentView.swift */ = {isa = PBXFileReference; lastKnownFileType = sourcecode.swift; path = ContentView.swift; sourceTree = "<group>"; };
		71514E7D28D4FF4300A62820 /* Assets.xcassets */ = {isa = PBXFileReference; lastKnownFileType = folder.assetcatalog; path = Assets.xcassets; sourceTree = "<group>"; };
		71514E8028D4FF4300A62820 /* Preview Assets.xcassets */ = {isa = PBXFileReference; lastKnownFileType = folder.assetcatalog; path = "Preview Assets.xcassets"; sourceTree = "<group>"; };
		71514E8628D4FF4300A62820 /* CurminTests.xctest */ = {isa = PBXFileReference; explicitFileType = wrapper.cfbundle; includeInIndex = 0; path = CurminTests.xctest; sourceTree = BUILT_PRODUCTS_DIR; };
		71514E8A28D4FF4300A62820 /* CurminTests.swift */ = {isa = PBXFileReference; lastKnownFileType = sourcecode.swift; path = CurminTests.swift; sourceTree = "<group>"; };
		71514E9028D4FF4300A62820 /* CurminUITests.xctest */ = {isa = PBXFileReference; explicitFileType = wrapper.cfbundle; includeInIndex = 0; path = CurminUITests.xctest; sourceTree = BUILT_PRODUCTS_DIR; };
		71514E9428D4FF4300A62820 /* CurminUITests.swift */ = {isa = PBXFileReference; lastKnownFileType = sourcecode.swift; path = CurminUITests.swift; sourceTree = "<group>"; };
		71514E9628D4FF4300A62820 /* CurminUITestsLaunchTests.swift */ = {isa = PBXFileReference; lastKnownFileType = sourcecode.swift; path = CurminUITestsLaunchTests.swift; sourceTree = "<group>"; };
		71A9BF3D28DB750E00911CC0 /* CurminWarningDialog.swift */ = {isa = PBXFileReference; lastKnownFileType = sourcecode.swift; path = CurminWarningDialog.swift; sourceTree = "<group>"; };
		71A9BF3F28DB794B00911CC0 /* CurminErrorDialog.swift */ = {isa = PBXFileReference; lastKnownFileType = sourcecode.swift; path = CurminErrorDialog.swift; sourceTree = "<group>"; };
/* End PBXFileReference section */

/* Begin PBXFrameworksBuildPhase section */
		71514E7328D4FF4200A62820 /* Frameworks */ = {
			isa = PBXFrameworksBuildPhase;
			buildActionMask = 2147483647;
			files = (
			);
			runOnlyForDeploymentPostprocessing = 0;
		};
		71514E8328D4FF4300A62820 /* Frameworks */ = {
			isa = PBXFrameworksBuildPhase;
			buildActionMask = 2147483647;
			files = (
			);
			runOnlyForDeploymentPostprocessing = 0;
		};
		71514E8D28D4FF4300A62820 /* Frameworks */ = {
			isa = PBXFrameworksBuildPhase;
			buildActionMask = 2147483647;
			files = (
			);
			runOnlyForDeploymentPostprocessing = 0;
		};
/* End PBXFrameworksBuildPhase section */

/* Begin PBXGroup section */
		7113BCB628DA248600990ED4 /* BaseViews */ = {
			isa = PBXGroup;
			children = (
				7113BCB428DA207E00990ED4 /* CurminBaseDialog.swift */,
				71A9BF3D28DB750E00911CC0 /* CurminWarningDialog.swift */,
				71A9BF3F28DB794B00911CC0 /* CurminErrorDialog.swift */,
			);
			path = BaseViews;
			sourceTree = "<group>";
		};
		7138A1A128D9B8CC00AE6816 /* Views */ = {
			isa = PBXGroup;
			children = (
				7113BCB628DA248600990ED4 /* BaseViews */,
				7138A1A628D9B96800AE6816 /* CurrencyWatchlistItem.swift */,
				7113BCB728DA249900990ED4 /* SettingsDialog.swift */,
			);
			path = Views;
			sourceTree = "<group>";
		};
		7138A1A228D9B8E400AE6816 /* Models */ = {
			isa = PBXGroup;
			children = (
				7138A1AB28D9C13900AE6816 /* CurrencyWatchlistItemData.swift */,
				7113BCB928DA2A0A00990ED4 /* Themes.swift */,
			);
			path = Models;
			sourceTree = "<group>";
		};
		7138A1A528D9B95A00AE6816 /* Screens */ = {
			isa = PBXGroup;
			children = (
				7138A1A328D9B90200AE6816 /* CurrencyWatchlistView.swift */,
			);
			path = Screens;
			sourceTree = "<group>";
		};
		7138A1A828D9BC8400AE6816 /* Common */ = {
			isa = PBXGroup;
			children = (
				7138A1A928D9BC9000AE6816 /* Colors.swift */,
			);
			path = Common;
			sourceTree = "<group>";
		};
		71514E6D28D4FF4200A62820 = {
			isa = PBXGroup;
			children = (
				71514E7828D4FF4300A62820 /* Curmin */,
				71514E8928D4FF4300A62820 /* CurminTests */,
				71514E9328D4FF4300A62820 /* CurminUITests */,
				71514E7728D4FF4300A62820 /* Products */,
			);
			sourceTree = "<group>";
		};
		71514E7728D4FF4300A62820 /* Products */ = {
			isa = PBXGroup;
			children = (
				71514E7628D4FF4300A62820 /* Curmin.app */,
				71514E8628D4FF4300A62820 /* CurminTests.xctest */,
				71514E9028D4FF4300A62820 /* CurminUITests.xctest */,
			);
			name = Products;
			sourceTree = "<group>";
		};
		71514E7828D4FF4300A62820 /* Curmin */ = {
			isa = PBXGroup;
			children = (
				7138A1A528D9B95A00AE6816 /* Screens */,
				7138A1A828D9BC8400AE6816 /* Common */,
				7138A1A228D9B8E400AE6816 /* Models */,
				7138A1A128D9B8CC00AE6816 /* Views */,
				71514E7928D4FF4300A62820 /* CurminApp.swift */,
				71514E7B28D4FF4300A62820 /* ContentView.swift */,
				71514E7D28D4FF4300A62820 /* Assets.xcassets */,
				71514E7F28D4FF4300A62820 /* Preview Content */,
			);
			path = Curmin;
			sourceTree = "<group>";
		};
		71514E7F28D4FF4300A62820 /* Preview Content */ = {
			isa = PBXGroup;
			children = (
				71514E8028D4FF4300A62820 /* Preview Assets.xcassets */,
			);
			path = "Preview Content";
			sourceTree = "<group>";
		};
		71514E8928D4FF4300A62820 /* CurminTests */ = {
			isa = PBXGroup;
			children = (
				71514E8A28D4FF4300A62820 /* CurminTests.swift */,
			);
			path = CurminTests;
			sourceTree = "<group>";
		};
		71514E9328D4FF4300A62820 /* CurminUITests */ = {
			isa = PBXGroup;
			children = (
				71514E9428D4FF4300A62820 /* CurminUITests.swift */,
				71514E9628D4FF4300A62820 /* CurminUITestsLaunchTests.swift */,
			);
			path = CurminUITests;
			sourceTree = "<group>";
		};
/* End PBXGroup section */

/* Begin PBXNativeTarget section */
		71514E7528D4FF4200A62820 /* Curmin */ = {
			isa = PBXNativeTarget;
			buildConfigurationList = 71514E9A28D4FF4300A62820 /* Build configuration list for PBXNativeTarget "Curmin" */;
			buildPhases = (
				71514E7228D4FF4200A62820 /* Sources */,
				71514E7328D4FF4200A62820 /* Frameworks */,
				71514E7428D4FF4200A62820 /* Resources */,
			);
			buildRules = (
			);
			dependencies = (
			);
			name = Curmin;
			productName = Curmin;
			productReference = 71514E7628D4FF4300A62820 /* Curmin.app */;
			productType = "com.apple.product-type.application";
		};
		71514E8528D4FF4300A62820 /* CurminTests */ = {
			isa = PBXNativeTarget;
			buildConfigurationList = 71514E9D28D4FF4300A62820 /* Build configuration list for PBXNativeTarget "CurminTests" */;
			buildPhases = (
				71514E8228D4FF4300A62820 /* Sources */,
				71514E8328D4FF4300A62820 /* Frameworks */,
				71514E8428D4FF4300A62820 /* Resources */,
			);
			buildRules = (
			);
			dependencies = (
				71514E8828D4FF4300A62820 /* PBXTargetDependency */,
			);
			name = CurminTests;
			productName = CurminTests;
			productReference = 71514E8628D4FF4300A62820 /* CurminTests.xctest */;
			productType = "com.apple.product-type.bundle.unit-test";
		};
		71514E8F28D4FF4300A62820 /* CurminUITests */ = {
			isa = PBXNativeTarget;
			buildConfigurationList = 71514EA028D4FF4300A62820 /* Build configuration list for PBXNativeTarget "CurminUITests" */;
			buildPhases = (
				71514E8C28D4FF4300A62820 /* Sources */,
				71514E8D28D4FF4300A62820 /* Frameworks */,
				71514E8E28D4FF4300A62820 /* Resources */,
			);
			buildRules = (
			);
			dependencies = (
				71514E9228D4FF4300A62820 /* PBXTargetDependency */,
			);
			name = CurminUITests;
			productName = CurminUITests;
			productReference = 71514E9028D4FF4300A62820 /* CurminUITests.xctest */;
			productType = "com.apple.product-type.bundle.ui-testing";
		};
/* End PBXNativeTarget section */

/* Begin PBXProject section */
		71514E6E28D4FF4200A62820 /* Project object */ = {
			isa = PBXProject;
			attributes = {
				BuildIndependentTargetsInParallel = 1;
				LastSwiftUpdateCheck = 1400;
				LastUpgradeCheck = 1400;
				TargetAttributes = {
					71514E7528D4FF4200A62820 = {
						CreatedOnToolsVersion = 14.0;
					};
					71514E8528D4FF4300A62820 = {
						CreatedOnToolsVersion = 14.0;
						TestTargetID = 71514E7528D4FF4200A62820;
					};
					71514E8F28D4FF4300A62820 = {
						CreatedOnToolsVersion = 14.0;
						TestTargetID = 71514E7528D4FF4200A62820;
					};
				};
			};
			buildConfigurationList = 71514E7128D4FF4200A62820 /* Build configuration list for PBXProject "Curmin" */;
			compatibilityVersion = "Xcode 14.0";
			developmentRegion = en;
			hasScannedForEncodings = 0;
			knownRegions = (
				en,
				Base,
			);
			mainGroup = 71514E6D28D4FF4200A62820;
			productRefGroup = 71514E7728D4FF4300A62820 /* Products */;
			projectDirPath = "";
			projectRoot = "";
			targets = (
				71514E7528D4FF4200A62820 /* Curmin */,
				71514E8528D4FF4300A62820 /* CurminTests */,
				71514E8F28D4FF4300A62820 /* CurminUITests */,
			);
		};
/* End PBXProject section */

/* Begin PBXResourcesBuildPhase section */
		71514E7428D4FF4200A62820 /* Resources */ = {
			isa = PBXResourcesBuildPhase;
			buildActionMask = 2147483647;
			files = (
				71514E8128D4FF4300A62820 /* Preview Assets.xcassets in Resources */,
				71514E7E28D4FF4300A62820 /* Assets.xcassets in Resources */,
			);
			runOnlyForDeploymentPostprocessing = 0;
		};
		71514E8428D4FF4300A62820 /* Resources */ = {
			isa = PBXResourcesBuildPhase;
			buildActionMask = 2147483647;
			files = (
			);
			runOnlyForDeploymentPostprocessing = 0;
		};
		71514E8E28D4FF4300A62820 /* Resources */ = {
			isa = PBXResourcesBuildPhase;
			buildActionMask = 2147483647;
			files = (
			);
			runOnlyForDeploymentPostprocessing = 0;
		};
/* End PBXResourcesBuildPhase section */

/* Begin PBXSourcesBuildPhase section */
		71514E7228D4FF4200A62820 /* Sources */ = {
			isa = PBXSourcesBuildPhase;
			buildActionMask = 2147483647;
			files = (
				71A9BF4028DB794B00911CC0 /* CurminErrorDialog.swift in Sources */,
				7113BCB828DA249900990ED4 /* SettingsDialog.swift in Sources */,
				71514E7C28D4FF4300A62820 /* ContentView.swift in Sources */,
				7138A1AA28D9BC9000AE6816 /* Colors.swift in Sources */,
				7138A1A428D9B90200AE6816 /* CurrencyWatchlistView.swift in Sources */,
				7113BCBA28DA2A0A00990ED4 /* Themes.swift in Sources */,
				7138A1AC28D9C13900AE6816 /* CurrencyWatchlistItemData.swift in Sources */,
				71514E7A28D4FF4300A62820 /* CurminApp.swift in Sources */,
				7138A1A728D9B96800AE6816 /* CurrencyWatchlistItem.swift in Sources */,
				71A9BF3E28DB750E00911CC0 /* CurminWarningDialog.swift in Sources */,
				7113BCB528DA207E00990ED4 /* CurminBaseDialog.swift in Sources */,
			);
			runOnlyForDeploymentPostprocessing = 0;
		};
		71514E8228D4FF4300A62820 /* Sources */ = {
			isa = PBXSourcesBuildPhase;
			buildActionMask = 2147483647;
			files = (
				71514E8B28D4FF4300A62820 /* CurminTests.swift in Sources */,
			);
			runOnlyForDeploymentPostprocessing = 0;
		};
		71514E8C28D4FF4300A62820 /* Sources */ = {
			isa = PBXSourcesBuildPhase;
			buildActionMask = 2147483647;
			files = (
				71514E9728D4FF4300A62820 /* CurminUITestsLaunchTests.swift in Sources */,
				71514E9528D4FF4300A62820 /* CurminUITests.swift in Sources */,
			);
			runOnlyForDeploymentPostprocessing = 0;
		};
/* End PBXSourcesBuildPhase section */

/* Begin PBXTargetDependency section */
		71514E8828D4FF4300A62820 /* PBXTargetDependency */ = {
			isa = PBXTargetDependency;
			target = 71514E7528D4FF4200A62820 /* Curmin */;
			targetProxy = 71514E8728D4FF4300A62820 /* PBXContainerItemProxy */;
		};
		71514E9228D4FF4300A62820 /* PBXTargetDependency */ = {
			isa = PBXTargetDependency;
			target = 71514E7528D4FF4200A62820 /* Curmin */;
			targetProxy = 71514E9128D4FF4300A62820 /* PBXContainerItemProxy */;
		};
/* End PBXTargetDependency section */

/* Begin XCBuildConfiguration section */
		71514E9828D4FF4300A62820 /* Debug */ = {
			isa = XCBuildConfiguration;
			buildSettings = {
				ALWAYS_SEARCH_USER_PATHS = NO;
				CLANG_ANALYZER_NONNULL = YES;
				CLANG_ANALYZER_NUMBER_OBJECT_CONVERSION = YES_AGGRESSIVE;
				CLANG_CXX_LANGUAGE_STANDARD = "gnu++20";
				CLANG_ENABLE_MODULES = YES;
				CLANG_ENABLE_OBJC_ARC = YES;
				CLANG_ENABLE_OBJC_WEAK = YES;
				CLANG_WARN_BLOCK_CAPTURE_AUTORELEASING = YES;
				CLANG_WARN_BOOL_CONVERSION = YES;
				CLANG_WARN_COMMA = YES;
				CLANG_WARN_CONSTANT_CONVERSION = YES;
				CLANG_WARN_DEPRECATED_OBJC_IMPLEMENTATIONS = YES;
				CLANG_WARN_DIRECT_OBJC_ISA_USAGE = YES_ERROR;
				CLANG_WARN_DOCUMENTATION_COMMENTS = YES;
				CLANG_WARN_EMPTY_BODY = YES;
				CLANG_WARN_ENUM_CONVERSION = YES;
				CLANG_WARN_INFINITE_RECURSION = YES;
				CLANG_WARN_INT_CONVERSION = YES;
				CLANG_WARN_NON_LITERAL_NULL_CONVERSION = YES;
				CLANG_WARN_OBJC_IMPLICIT_RETAIN_SELF = YES;
				CLANG_WARN_OBJC_LITERAL_CONVERSION = YES;
				CLANG_WARN_OBJC_ROOT_CLASS = YES_ERROR;
				CLANG_WARN_QUOTED_INCLUDE_IN_FRAMEWORK_HEADER = YES;
				CLANG_WARN_RANGE_LOOP_ANALYSIS = YES;
				CLANG_WARN_STRICT_PROTOTYPES = YES;
				CLANG_WARN_SUSPICIOUS_MOVE = YES;
				CLANG_WARN_UNGUARDED_AVAILABILITY = YES_AGGRESSIVE;
				CLANG_WARN_UNREACHABLE_CODE = YES;
				CLANG_WARN__DUPLICATE_METHOD_MATCH = YES;
				COPY_PHASE_STRIP = NO;
				DEBUG_INFORMATION_FORMAT = dwarf;
				ENABLE_STRICT_OBJC_MSGSEND = YES;
				ENABLE_TESTABILITY = YES;
				GCC_C_LANGUAGE_STANDARD = gnu11;
				GCC_DYNAMIC_NO_PIC = NO;
				GCC_NO_COMMON_BLOCKS = YES;
				GCC_OPTIMIZATION_LEVEL = 0;
				GCC_PREPROCESSOR_DEFINITIONS = (
					"DEBUG=1",
					"$(inherited)",
				);
				GCC_WARN_64_TO_32_BIT_CONVERSION = YES;
				GCC_WARN_ABOUT_RETURN_TYPE = YES_ERROR;
				GCC_WARN_UNDECLARED_SELECTOR = YES;
				GCC_WARN_UNINITIALIZED_AUTOS = YES_AGGRESSIVE;
				GCC_WARN_UNUSED_FUNCTION = YES;
				GCC_WARN_UNUSED_VARIABLE = YES;
				IPHONEOS_DEPLOYMENT_TARGET = 16.0;
				MTL_ENABLE_DEBUG_INFO = INCLUDE_SOURCE;
				MTL_FAST_MATH = YES;
				ONLY_ACTIVE_ARCH = YES;
				SDKROOT = iphoneos;
				SWIFT_ACTIVE_COMPILATION_CONDITIONS = DEBUG;
				SWIFT_OPTIMIZATION_LEVEL = "-Onone";
			};
			name = Debug;
		};
		71514E9928D4FF4300A62820 /* Release */ = {
			isa = XCBuildConfiguration;
			buildSettings = {
				ALWAYS_SEARCH_USER_PATHS = NO;
				CLANG_ANALYZER_NONNULL = YES;
				CLANG_ANALYZER_NUMBER_OBJECT_CONVERSION = YES_AGGRESSIVE;
				CLANG_CXX_LANGUAGE_STANDARD = "gnu++20";
				CLANG_ENABLE_MODULES = YES;
				CLANG_ENABLE_OBJC_ARC = YES;
				CLANG_ENABLE_OBJC_WEAK = YES;
				CLANG_WARN_BLOCK_CAPTURE_AUTORELEASING = YES;
				CLANG_WARN_BOOL_CONVERSION = YES;
				CLANG_WARN_COMMA = YES;
				CLANG_WARN_CONSTANT_CONVERSION = YES;
				CLANG_WARN_DEPRECATED_OBJC_IMPLEMENTATIONS = YES;
				CLANG_WARN_DIRECT_OBJC_ISA_USAGE = YES_ERROR;
				CLANG_WARN_DOCUMENTATION_COMMENTS = YES;
				CLANG_WARN_EMPTY_BODY = YES;
				CLANG_WARN_ENUM_CONVERSION = YES;
				CLANG_WARN_INFINITE_RECURSION = YES;
				CLANG_WARN_INT_CONVERSION = YES;
				CLANG_WARN_NON_LITERAL_NULL_CONVERSION = YES;
				CLANG_WARN_OBJC_IMPLICIT_RETAIN_SELF = YES;
				CLANG_WARN_OBJC_LITERAL_CONVERSION = YES;
				CLANG_WARN_OBJC_ROOT_CLASS = YES_ERROR;
				CLANG_WARN_QUOTED_INCLUDE_IN_FRAMEWORK_HEADER = YES;
				CLANG_WARN_RANGE_LOOP_ANALYSIS = YES;
				CLANG_WARN_STRICT_PROTOTYPES = YES;
				CLANG_WARN_SUSPICIOUS_MOVE = YES;
				CLANG_WARN_UNGUARDED_AVAILABILITY = YES_AGGRESSIVE;
				CLANG_WARN_UNREACHABLE_CODE = YES;
				CLANG_WARN__DUPLICATE_METHOD_MATCH = YES;
				COPY_PHASE_STRIP = NO;
				DEBUG_INFORMATION_FORMAT = "dwarf-with-dsym";
				ENABLE_NS_ASSERTIONS = NO;
				ENABLE_STRICT_OBJC_MSGSEND = YES;
				GCC_C_LANGUAGE_STANDARD = gnu11;
				GCC_NO_COMMON_BLOCKS = YES;
				GCC_WARN_64_TO_32_BIT_CONVERSION = YES;
				GCC_WARN_ABOUT_RETURN_TYPE = YES_ERROR;
				GCC_WARN_UNDECLARED_SELECTOR = YES;
				GCC_WARN_UNINITIALIZED_AUTOS = YES_AGGRESSIVE;
				GCC_WARN_UNUSED_FUNCTION = YES;
				GCC_WARN_UNUSED_VARIABLE = YES;
				IPHONEOS_DEPLOYMENT_TARGET = 16.0;
				MTL_ENABLE_DEBUG_INFO = NO;
				MTL_FAST_MATH = YES;
				SDKROOT = iphoneos;
				SWIFT_COMPILATION_MODE = wholemodule;
				SWIFT_OPTIMIZATION_LEVEL = "-O";
				VALIDATE_PRODUCT = YES;
			};
			name = Release;
		};
		71514E9B28D4FF4300A62820 /* Debug */ = {
			isa = XCBuildConfiguration;
			buildSettings = {
				ASSETCATALOG_COMPILER_APPICON_NAME = AppIcon;
				ASSETCATALOG_COMPILER_GLOBAL_ACCENT_COLOR_NAME = AccentColor;
				CODE_SIGN_STYLE = Automatic;
				CURRENT_PROJECT_VERSION = 1;
				DEVELOPMENT_ASSET_PATHS = "\"Curmin/Preview Content\"";
				DEVELOPMENT_TEAM = 9B5UBU5CRL;
				ENABLE_PREVIEWS = YES;
				GENERATE_INFOPLIST_FILE = YES;
				INFOPLIST_KEY_UIApplicationSceneManifest_Generation = YES;
				INFOPLIST_KEY_UIApplicationSupportsIndirectInputEvents = YES;
				INFOPLIST_KEY_UILaunchScreen_Generation = YES;
				INFOPLIST_KEY_UISupportedInterfaceOrientations_iPad = "UIInterfaceOrientationPortrait UIInterfaceOrientationPortraitUpsideDown UIInterfaceOrientationLandscapeLeft UIInterfaceOrientationLandscapeRight";
				INFOPLIST_KEY_UISupportedInterfaceOrientations_iPhone = "UIInterfaceOrientationPortrait UIInterfaceOrientationLandscapeLeft UIInterfaceOrientationLandscapeRight";
				LD_RUNPATH_SEARCH_PATHS = (
					"$(inherited)",
					"@executable_path/Frameworks",
				);
				MARKETING_VERSION = 1.0;
				PRODUCT_BUNDLE_IDENTIFIER = com.tarikyasar.Curmin;
				PRODUCT_NAME = "$(TARGET_NAME)";
				SWIFT_EMIT_LOC_STRINGS = YES;
				SWIFT_VERSION = 5.0;
				TARGETED_DEVICE_FAMILY = "1,2";
			};
			name = Debug;
		};
		71514E9C28D4FF4300A62820 /* Release */ = {
			isa = XCBuildConfiguration;
			buildSettings = {
				ASSETCATALOG_COMPILER_APPICON_NAME = AppIcon;
				ASSETCATALOG_COMPILER_GLOBAL_ACCENT_COLOR_NAME = AccentColor;
				CODE_SIGN_STYLE = Automatic;
				CURRENT_PROJECT_VERSION = 1;
				DEVELOPMENT_ASSET_PATHS = "\"Curmin/Preview Content\"";
				DEVELOPMENT_TEAM = 9B5UBU5CRL;
				ENABLE_PREVIEWS = YES;
				GENERATE_INFOPLIST_FILE = YES;
				INFOPLIST_KEY_UIApplicationSceneManifest_Generation = YES;
				INFOPLIST_KEY_UIApplicationSupportsIndirectInputEvents = YES;
				INFOPLIST_KEY_UILaunchScreen_Generation = YES;
				INFOPLIST_KEY_UISupportedInterfaceOrientations_iPad = "UIInterfaceOrientationPortrait UIInterfaceOrientationPortraitUpsideDown UIInterfaceOrientationLandscapeLeft UIInterfaceOrientationLandscapeRight";
				INFOPLIST_KEY_UISupportedInterfaceOrientations_iPhone = "UIInterfaceOrientationPortrait UIInterfaceOrientationLandscapeLeft UIInterfaceOrientationLandscapeRight";
				LD_RUNPATH_SEARCH_PATHS = (
					"$(inherited)",
					"@executable_path/Frameworks",
				);
				MARKETING_VERSION = 1.0;
				PRODUCT_BUNDLE_IDENTIFIER = com.tarikyasar.Curmin;
				PRODUCT_NAME = "$(TARGET_NAME)";
				SWIFT_EMIT_LOC_STRINGS = YES;
				SWIFT_VERSION = 5.0;
				TARGETED_DEVICE_FAMILY = "1,2";
			};
			name = Release;
		};
		71514E9E28D4FF4300A62820 /* Debug */ = {
			isa = XCBuildConfiguration;
			buildSettings = {
				ALWAYS_EMBED_SWIFT_STANDARD_LIBRARIES = YES;
				BUNDLE_LOADER = "$(TEST_HOST)";
				CODE_SIGN_STYLE = Automatic;
				CURRENT_PROJECT_VERSION = 1;
				DEVELOPMENT_TEAM = 9B5UBU5CRL;
				GENERATE_INFOPLIST_FILE = YES;
				IPHONEOS_DEPLOYMENT_TARGET = 16.0;
				MARKETING_VERSION = 1.0;
				PRODUCT_BUNDLE_IDENTIFIER = com.tarikyasar.CurminTests;
				PRODUCT_NAME = "$(TARGET_NAME)";
				SWIFT_EMIT_LOC_STRINGS = NO;
				SWIFT_VERSION = 5.0;
				TARGETED_DEVICE_FAMILY = "1,2";
				TEST_HOST = "$(BUILT_PRODUCTS_DIR)/Curmin.app/$(BUNDLE_EXECUTABLE_FOLDER_PATH)/Curmin";
			};
			name = Debug;
		};
		71514E9F28D4FF4300A62820 /* Release */ = {
			isa = XCBuildConfiguration;
			buildSettings = {
				ALWAYS_EMBED_SWIFT_STANDARD_LIBRARIES = YES;
				BUNDLE_LOADER = "$(TEST_HOST)";
				CODE_SIGN_STYLE = Automatic;
				CURRENT_PROJECT_VERSION = 1;
				DEVELOPMENT_TEAM = 9B5UBU5CRL;
				GENERATE_INFOPLIST_FILE = YES;
				IPHONEOS_DEPLOYMENT_TARGET = 16.0;
				MARKETING_VERSION = 1.0;
				PRODUCT_BUNDLE_IDENTIFIER = com.tarikyasar.CurminTests;
				PRODUCT_NAME = "$(TARGET_NAME)";
				SWIFT_EMIT_LOC_STRINGS = NO;
				SWIFT_VERSION = 5.0;
				TARGETED_DEVICE_FAMILY = "1,2";
				TEST_HOST = "$(BUILT_PRODUCTS_DIR)/Curmin.app/$(BUNDLE_EXECUTABLE_FOLDER_PATH)/Curmin";
			};
			name = Release;
		};
		71514EA128D4FF4300A62820 /* Debug */ = {
			isa = XCBuildConfiguration;
			buildSettings = {
				ALWAYS_EMBED_SWIFT_STANDARD_LIBRARIES = YES;
				CODE_SIGN_STYLE = Automatic;
				CURRENT_PROJECT_VERSION = 1;
				DEVELOPMENT_TEAM = 9B5UBU5CRL;
				GENERATE_INFOPLIST_FILE = YES;
				MARKETING_VERSION = 1.0;
				PRODUCT_BUNDLE_IDENTIFIER = com.tarikyasar.CurminUITests;
				PRODUCT_NAME = "$(TARGET_NAME)";
				SWIFT_EMIT_LOC_STRINGS = NO;
				SWIFT_VERSION = 5.0;
				TARGETED_DEVICE_FAMILY = "1,2";
				TEST_TARGET_NAME = Curmin;
			};
			name = Debug;
		};
		71514EA228D4FF4300A62820 /* Release */ = {
			isa = XCBuildConfiguration;
			buildSettings = {
				ALWAYS_EMBED_SWIFT_STANDARD_LIBRARIES = YES;
				CODE_SIGN_STYLE = Automatic;
				CURRENT_PROJECT_VERSION = 1;
				DEVELOPMENT_TEAM = 9B5UBU5CRL;
				GENERATE_INFOPLIST_FILE = YES;
				MARKETING_VERSION = 1.0;
				PRODUCT_BUNDLE_IDENTIFIER = com.tarikyasar.CurminUITests;
				PRODUCT_NAME = "$(TARGET_NAME)";
				SWIFT_EMIT_LOC_STRINGS = NO;
				SWIFT_VERSION = 5.0;
				TARGETED_DEVICE_FAMILY = "1,2";
				TEST_TARGET_NAME = Curmin;
			};
			name = Release;
		};
/* End XCBuildConfiguration section */

/* Begin XCConfigurationList section */
		71514E7128D4FF4200A62820 /* Build configuration list for PBXProject "Curmin" */ = {
			isa = XCConfigurationList;
			buildConfigurations = (
				71514E9828D4FF4300A62820 /* Debug */,
				71514E9928D4FF4300A62820 /* Release */,
			);
			defaultConfigurationIsVisible = 0;
			defaultConfigurationName = Release;
		};
		71514E9A28D4FF4300A62820 /* Build configuration list for PBXNativeTarget "Curmin" */ = {
			isa = XCConfigurationList;
			buildConfigurations = (
				71514E9B28D4FF4300A62820 /* Debug */,
				71514E9C28D4FF4300A62820 /* Release */,
			);
			defaultConfigurationIsVisible = 0;
			defaultConfigurationName = Release;
		};
		71514E9D28D4FF4300A62820 /* Build configuration list for PBXNativeTarget "CurminTests" */ = {
			isa = XCConfigurationList;
			buildConfigurations = (
				71514E9E28D4FF4300A62820 /* Debug */,
				71514E9F28D4FF4300A62820 /* Release */,
			);
			defaultConfigurationIsVisible = 0;
			defaultConfigurationName = Release;
		};
		71514EA028D4FF4300A62820 /* Build configuration list for PBXNativeTarget "CurminUITests" */ = {
			isa = XCConfigurationList;
			buildConfigurations = (
				71514EA128D4FF4300A62820 /* Debug */,
				71514EA228D4FF4300A62820 /* Release */,
			);
			defaultConfigurationIsVisible = 0;
			defaultConfigurationName = Release;
		};
/* End XCConfigurationList section */
	};
	rootObject = 71514E6E28D4FF4200A62820 /* Project object */;
}
